
Microsoft Visual Studio Solution File, Format Version 12.00
# Visual Studio 15
VisualStudioVersion = 15.0.28010.2050
MinimumVisualStudioVersion = 10.0.40219.1
Project("{8BC9CEB8-8B4A-11D0-8D11-00A0C91BC942}") = "NewtonCardan", "NewtonCardan\NewtonCardan.vcxproj", "{198300DC-D4F6-4A4D-B382-317949C13D71}"
EndProject
Global
	GlobalSection(SolutionConfigurationPlatforms) = preSolution
		Debug|x64 = Debug|x64
		Debug|x86 = Debug|x86
		Release|x64 = Release|x64
		Release|x86 = Release|x86
	EndGlobalSection
	GlobalSection(ProjectConfigurationPlatforms) = postSolution
		{198300DC-D4F6-4A4D-B382-317949C13D71}.Debug|x64.ActiveCfg = Debug|x64
		{198300DC-D4F6-4A4D-B382-317949C13D71}.Debug|x64.Build.0 = Debug|x64
		{198300DC-D4F6-4A4D-B382-317949C13D71}.Debug|x86.ActiveCfg = Debug|Win32
		{198300DC-D4F6-4A4D-B382-317949C13D71}.Debug|x86.Build.0 = Debug|Win32
		{198300DC-D4F6-4A4D-B382-317949C13D71}.Release|x64.ActiveCfg = Release|x64
		{198300DC-D4F6-4A4D-B382-317949C13D71}.Release|x64.Build.0 = Release|x64
		{198300DC-D4F6-4A4D-B382-317949C13D71}.Release|x86.ActiveCfg = Release|Win32
		{198300DC-D4F6-4A4D-B382-317949C13D71}.Release|x86.Build.0 = Release|Win32
	EndGlobalSection
	GlobalSection(SolutionProperties) = preSolution
		HideSolutionNode = FALSE
	EndGlobalSection
	GlobalSection(ExtensibilityGlobals) = postSolution
		SolutionGuid = {CDA9F361-7763-4AE8-9362-A9ECB1F8C818}
	EndGlobalSection
EndGlobal
